
Microsoft Visual Studio Solution File, Format Version 12.00
# Visual Studio 14
VisualStudioVersion = 14.0.25420.1
MinimumVisualStudioVersion = 10.0.40219.1
Project("{FAE04EC0-301F-11D3-BF4B-00C04F79EFBC}") = "Models", "Models\Models.csproj", "{980A0A98-81EE-49F7-94DD-61119797CF7A}"
EndProject
Project("{FAE04EC0-301F-11D3-BF4B-00C04F79EFBC}") = "Common", "Common\Common.csproj", "{5ABD2B17-0398-4D3A-AB75-0BC090577EC5}"
EndProject
Project("{FAE04EC0-301F-11D3-BF4B-00C04F79EFBC}") = "Factories", "Factory\Factories.csproj", "{838679BF-AB0D-4648-9554-70E82BB9EE36}"
EndProject
Project("{FAE04EC0-301F-11D3-BF4B-00C04F79EFBC}") = "ConsoleApplication1", "ConsoleApplication1\ConsoleApplication1.csproj", "{4FA18006-108E-42DA-BFB7-EF832B2EAB73}"
EndProject
Global
	GlobalSection(SolutionConfigurationPlatforms) = preSolution
		Debug|Any CPU = Debug|Any CPU
		Release|Any CPU = Release|Any CPU
	EndGlobalSection
	GlobalSection(ProjectConfigurationPlatforms) = postSolution
		{980A0A98-81EE-49F7-94DD-61119797CF7A}.Debug|Any CPU.ActiveCfg = Debug|Any CPU
		{980A0A98-81EE-49F7-94DD-61119797CF7A}.Debug|Any CPU.Build.0 = Debug|Any CPU
		{980A0A98-81EE-49F7-94DD-61119797CF7A}.Release|Any CPU.ActiveCfg = Release|Any CPU
		{980A0A98-81EE-49F7-94DD-61119797CF7A}.Release|Any CPU.Build.0 = Release|Any CPU
		{5ABD2B17-0398-4D3A-AB75-0BC090577EC5}.Debug|Any CPU.ActiveCfg = Debug|Any CPU
		{5ABD2B17-0398-4D3A-AB75-0BC090577EC5}.Debug|Any CPU.Build.0 = Debug|Any CPU
		{5ABD2B17-0398-4D3A-AB75-0BC090577EC5}.Release|Any CPU.ActiveCfg = Release|Any CPU
		{5ABD2B17-0398-4D3A-AB75-0BC090577EC5}.Release|Any CPU.Build.0 = Release|Any CPU
		{838679BF-AB0D-4648-9554-70E82BB9EE36}.Debug|Any CPU.ActiveCfg = Debug|Any CPU
		{838679BF-AB0D-4648-9554-70E82BB9EE36}.Debug|Any CPU.Build.0 = Debug|Any CPU
		{838679BF-AB0D-4648-9554-70E82BB9EE36}.Release|Any CPU.ActiveCfg = Release|Any CPU
		{838679BF-AB0D-4648-9554-70E82BB9EE36}.Release|Any CPU.Build.0 = Release|Any CPU
		{4FA18006-108E-42DA-BFB7-EF832B2EAB73}.Debug|Any CPU.ActiveCfg = Debug|Any CPU
		{4FA18006-108E-42DA-BFB7-EF832B2EAB73}.Debug|Any CPU.Build.0 = Debug|Any CPU
		{4FA18006-108E-42DA-BFB7-EF832B2EAB73}.Release|Any CPU.ActiveCfg = Release|Any CPU
		{4FA18006-108E-42DA-BFB7-EF832B2EAB73}.Release|Any CPU.Build.0 = Release|Any CPU
	EndGlobalSection
	GlobalSection(SolutionProperties) = preSolution
		HideSolutionNode = FALSE
	EndGlobalSection
EndGlobal
